github.com/yanyiwu/gosimhash v1.1.0 h1:71e4usLhoMz2nJm6J1yfits+ufctxmNzZ800QDYbb1o=
github.com/yanyiwu/gosimhash v1.1.0/go.mod h1:cLdFWvgdmbeg6KW1H968nbOtA6XrS4scklrvOxuN3ls=
github.com/yanyiwu/gosimhash v1.1.1-0.20240817141632-34ea3b75b81d h1:w9kylgY43sUfjNWrz1C+DVC0ov3oh+AdIX5GKhHTkNo=
github.com/yanyiwu/gosimhash v1.1.1-0.20240817141632-34ea3b75b81d/go.mod h1:cLdFWvgdmbeg6KW1H968nbOtA6XrS4scklrvOxuN3ls=
